// !$*UTF8*$!
{
	archiveVersion = 1;
	classes = {
	};
	objectVersion = 56;
	objects = {

/* Begin PBXBuildFile section */
		E52DD9D129A8E7960051EC67 /* AppDelegate.swift in Sources */ = {isa = PBXBuildFile; fileRef = E52DD9D029A8E7960051EC67 /* AppDelegate.swift */; };
		E52DD9D329A8E7960051EC67 /* SceneDelegate.swift in Sources */ = {isa = PBXBuildFile; fileRef = E52DD9D229A8E7960051EC67 /* SceneDelegate.swift */; };
		E52DD9D829A8E7960051EC67 /* Main.storyboard in Resources */ = {isa = PBXBuildFile; fileRef = E52DD9D629A8E7960051EC67 /* Main.storyboard */; };
		E52DD9DA29A8E7980051EC67 /* Assets.xcassets in Resources */ = {isa = PBXBuildFile; fileRef = E52DD9D929A8E7980051EC67 /* Assets.xcassets */; };
		E52DD9DD29A8E7980051EC67 /* LaunchScreen.storyboard in Resources */ = {isa = PBXBuildFile; fileRef = E52DD9DB29A8E7980051EC67 /* LaunchScreen.storyboard */; };
		E52DD9E629A900950051EC67 /* OrdersTableViewController.swift in Sources */ = {isa = PBXBuildFile; fileRef = E52DD9E529A900950051EC67 /* OrdersTableViewController.swift */; };
		E52DD9E829A901640051EC67 /* AddOrderViewController.swift in Sources */ = {isa = PBXBuildFile; fileRef = E52DD9E729A901640051EC67 /* AddOrderViewController.swift */; };
		E52DD9EC29A90F540051EC67 /* Webservice.swift in Sources */ = {isa = PBXBuildFile; fileRef = E52DD9EB29A90F540051EC67 /* Webservice.swift */; };
		E52DD9EF29ACF9530051EC67 /* Order.swift in Sources */ = {isa = PBXBuildFile; fileRef = E52DD9EE29ACF9530051EC67 /* Order.swift */; };
		E52DD9F229AD01B50051EC67 /* OrderViewModel.swift in Sources */ = {isa = PBXBuildFile; fileRef = E52DD9F129AD01B50051EC67 /* OrderViewModel.swift */; };
		E52DD9F429AE03B00051EC67 /* AddCoffeeOrderViewModel.swift in Sources */ = {isa = PBXBuildFile; fileRef = E52DD9F329AE03B00051EC67 /* AddCoffeeOrderViewModel.swift */; };
/* End PBXBuildFile section */

/* Begin PBXFileReference section */
		E52DD9CD29A8E7960051EC67 /* HotCoffee.app */ = {isa = PBXFileReference; explicitFileType = wrapper.application; includeInIndex = 0; path = HotCoffee.app; sourceTree = BUILT_PRODUCTS_DIR; };
		E52DD9D029A8E7960051EC67 /* AppDelegate.swift */ = {isa = PBXFileReference; lastKnownFileType = sourcecode.swift; path = AppDelegate.swift; sourceTree = "<group>"; };
		E52DD9D229A8E7960051EC67 /* SceneDelegate.swift */ = {isa = PBXFileReference; lastKnownFileType = sourcecode.swift; path = SceneDelegate.swift; sourceTree = "<group>"; };
		E52DD9D729A8E7960051EC67 /* Base */ = {isa = PBXFileReference; lastKnownFileType = file.storyboard; name = Base; path = Base.lproj/Main.storyboard; sourceTree = "<group>"; };
		E52DD9D929A8E7980051EC67 /* Assets.xcassets */ = {isa = PBXFileReference; lastKnownFileType = folder.assetcatalog; path = Assets.xcassets; sourceTree = "<group>"; };
		E52DD9DC29A8E7980051EC67 /* Base */ = {isa = PBXFileReference; lastKnownFileType = file.storyboard; name = Base; path = Base.lproj/LaunchScreen.storyboard; sourceTree = "<group>"; };
		E52DD9DE29A8E7980051EC67 /* Info.plist */ = {isa = PBXFileReference; lastKnownFileType = text.plist.xml; path = Info.plist; sourceTree = "<group>"; };
		E52DD9E529A900950051EC67 /* OrdersTableViewController.swift */ = {isa = PBXFileReference; lastKnownFileType = sourcecode.swift; path = OrdersTableViewController.swift; sourceTree = "<group>"; };
		E52DD9E729A901640051EC67 /* AddOrderViewController.swift */ = {isa = PBXFileReference; lastKnownFileType = sourcecode.swift; path = AddOrderViewController.swift; sourceTree = "<group>"; };
		E52DD9EB29A90F540051EC67 /* Webservice.swift */ = {isa = PBXFileReference; lastKnownFileType = sourcecode.swift; path = Webservice.swift; sourceTree = "<group>"; };
		E52DD9EE29ACF9530051EC67 /* Order.swift */ = {isa = PBXFileReference; lastKnownFileType = sourcecode.swift; path = Order.swift; sourceTree = "<group>"; };
		E52DD9F129AD01B50051EC67 /* OrderViewModel.swift */ = {isa = PBXFileReference; lastKnownFileType = sourcecode.swift; path = OrderViewModel.swift; sourceTree = "<group>"; };
		E52DD9F329AE03B00051EC67 /* AddCoffeeOrderViewModel.swift */ = {isa = PBXFileReference; lastKnownFileType = sourcecode.swift; path = AddCoffeeOrderViewModel.swift; sourceTree = "<group>"; };
/* End PBXFileReference section */

/* Begin PBXFrameworksBuildPhase section */
		E52DD9CA29A8E7960051EC67 /* Frameworks */ = {
			isa = PBXFrameworksBuildPhase;
			buildActionMask = 2147483647;
			files = (
			);
			runOnlyForDeploymentPostprocessing = 0;
		};
/* End PBXFrameworksBuildPhase section */

/* Begin PBXGroup section */
		E52DD9C429A8E7960051EC67 = {
			isa = PBXGroup;
			children = (
				E52DD9CF29A8E7960051EC67 /* HotCoffee */,
				E52DD9CE29A8E7960051EC67 /* Products */,
			);
			sourceTree = "<group>";
		};
		E52DD9CE29A8E7960051EC67 /* Products */ = {
			isa = PBXGroup;
			children = (
				E52DD9CD29A8E7960051EC67 /* HotCoffee.app */,
			);
			name = Products;
			sourceTree = "<group>";
		};
		E52DD9CF29A8E7960051EC67 /* HotCoffee */ = {
			isa = PBXGroup;
			children = (
				E52DD9F029AD01990051EC67 /* View Models */,
				E52DD9ED29ACF93E0051EC67 /* Models */,
				E52DD9E929A90F3C0051EC67 /* Services */,
				E52DD9E429A8E79F0051EC67 /* Controllers */,
				E52DD9D029A8E7960051EC67 /* AppDelegate.swift */,
				E52DD9D229A8E7960051EC67 /* SceneDelegate.swift */,
				E52DD9D629A8E7960051EC67 /* Main.storyboard */,
				E52DD9D929A8E7980051EC67 /* Assets.xcassets */,
				E52DD9DB29A8E7980051EC67 /* LaunchScreen.storyboard */,
				E52DD9DE29A8E7980051EC67 /* Info.plist */,
			);
			path = HotCoffee;
			sourceTree = "<group>";
		};
		E52DD9E429A8E79F0051EC67 /* Controllers */ = {
			isa = PBXGroup;
			children = (
				E52DD9E529A900950051EC67 /* OrdersTableViewController.swift */,
				E52DD9E729A901640051EC67 /* AddOrderViewController.swift */,
			);
			path = Controllers;
			sourceTree = "<group>";
		};
		E52DD9E929A90F3C0051EC67 /* Services */ = {
			isa = PBXGroup;
			children = (
				E52DD9EB29A90F540051EC67 /* Webservice.swift */,
			);
			path = Services;
			sourceTree = "<group>";
		};
		E52DD9ED29ACF93E0051EC67 /* Models */ = {
			isa = PBXGroup;
			children = (
				E52DD9EE29ACF9530051EC67 /* Order.swift */,
			);
			path = Models;
			sourceTree = "<group>";
		};
		E52DD9F029AD01990051EC67 /* View Models */ = {
			isa = PBXGroup;
			children = (
				E52DD9F129AD01B50051EC67 /* OrderViewModel.swift */,
				E52DD9F329AE03B00051EC67 /* AddCoffeeOrderViewModel.swift */,
			);
			path = "View Models";
			sourceTree = "<group>";
		};
/* End PBXGroup section */

/* Begin PBXNativeTarget section */
		E52DD9CC29A8E7960051EC67 /* HotCoffee */ = {
			isa = PBXNativeTarget;
			buildConfigurationList = E52DD9E129A8E7980051EC67 /* Build configuration list for PBXNativeTarget "HotCoffee" */;
			buildPhases = (
				E52DD9C929A8E7960051EC67 /* Sources */,
				E52DD9CA29A8E7960051EC67 /* Frameworks */,
				E52DD9CB29A8E7960051EC67 /* Resources */,
			);
			buildRules = (
			);
			dependencies = (
			);
			name = HotCoffee;
			productName = HotCoffee;
			productReference = E52DD9CD29A8E7960051EC67 /* HotCoffee.app */;
			productType = "com.apple.product-type.application";
		};
/* End PBXNativeTarget section */

/* Begin PBXProject section */
		E52DD9C529A8E7960051EC67 /* Project object */ = {
			isa = PBXProject;
			attributes = {
				BuildIndependentTargetsInParallel = 1;
				LastSwiftUpdateCheck = 1420;
				LastUpgradeCheck = 1420;
				TargetAttributes = {
					E52DD9CC29A8E7960051EC67 = {
						CreatedOnToolsVersion = 14.2;
					};
				};
			};
			buildConfigurationList = E52DD9C829A8E7960051EC67 /* Build configuration list for PBXProject "HotCoffee" */;
			compatibilityVersion = "Xcode 14.0";
			developmentRegion = en;
			hasScannedForEncodings = 0;
			knownRegions = (
				en,
				Base,
			);
			mainGroup = E52DD9C429A8E7960051EC67;
			productRefGroup = E52DD9CE29A8E7960051EC67 /* Products */;
			projectDirPath = "";
			projectRoot = "";
			targets = (
				E52DD9CC29A8E7960051EC67 /* HotCoffee */,
			);
		};
/* End PBXProject section */

/* Begin PBXResourcesBuildPhase section */
		E52DD9CB29A8E7960051EC67 /* Resources */ = {
			isa = PBXResourcesBuildPhase;
			buildActionMask = 2147483647;
			files = (
				E52DD9DD29A8E7980051EC67 /* LaunchScreen.storyboard in Resources */,
				E52DD9DA29A8E7980051EC67 /* Assets.xcassets in Resources */,
				E52DD9D829A8E7960051EC67 /* Main.storyboard in Resources */,
			);
			runOnlyForDeploymentPostprocessing = 0;
		};
/* End PBXResourcesBuildPhase section */

/* Begin PBXSourcesBuildPhase section */
		E52DD9C929A8E7960051EC67 /* Sources */ = {
			isa = PBXSourcesBuildPhase;
			buildActionMask = 2147483647;
			files = (
				E52DD9EF29ACF9530051EC67 /* Order.swift in Sources */,
				E52DD9F429AE03B00051EC67 /* AddCoffeeOrderViewModel.swift in Sources */,
				E52DD9D129A8E7960051EC67 /* AppDelegate.swift in Sources */,
				E52DD9D329A8E7960051EC67 /* SceneDelegate.swift in Sources */,
				E52DD9E629A900950051EC67 /* OrdersTableViewController.swift in Sources */,
				E52DD9EC29A90F540051EC67 /* Webservice.swift in Sources */,
				E52DD9F229AD01B50051EC67 /* OrderViewModel.swift in Sources */,
				E52DD9E829A901640051EC67 /* AddOrderViewController.swift in Sources */,
			);
			runOnlyForDeploymentPostprocessing = 0;
		};
/* End PBXSourcesBuildPhase section */

/* Begin PBXVariantGroup section */
		E52DD9D629A8E7960051EC67 /* Main.storyboard */ = {
			isa = PBXVariantGroup;
			children = (
				E52DD9D729A8E7960051EC67 /* Base */,
			);
			name = Main.storyboard;
			sourceTree = "<group>";
		};
		E52DD9DB29A8E7980051EC67 /* LaunchScreen.storyboard */ = {
			isa = PBXVariantGroup;
			children = (
				E52DD9DC29A8E7980051EC67 /* Base */,
			);
			name = LaunchScreen.storyboard;
			sourceTree = "<group>";
		};
/* End PBXVariantGroup section */

/* Begin XCBuildConfiguration section */
		E52DD9DF29A8E7980051EC67 /* Debug */ = {
			isa = XCBuildConfiguration;
			buildSettings = {
				ALWAYS_SEARCH_USER_PATHS = NO;
				CLANG_ANALYZER_NONNULL = YES;
				CLANG_ANALYZER_NUMBER_OBJECT_CONVERSION = YES_AGGRESSIVE;
				CLANG_CXX_LANGUAGE_STANDARD = "gnu++20";
				CLANG_ENABLE_MODULES = YES;
				CLANG_ENABLE_OBJC_ARC = YES;
				CLANG_ENABLE_OBJC_WEAK = YES;
				CLANG_WARN_BLOCK_CAPTURE_AUTORELEASING = YES;
				CLANG_WARN_BOOL_CONVERSION = YES;
				CLANG_WARN_COMMA = YES;
				CLANG_WARN_CONSTANT_CONVERSION = YES;
				CLANG_WARN_DEPRECATED_OBJC_IMPLEMENTATIONS = YES;
				CLANG_WARN_DIRECT_OBJC_ISA_USAGE = YES_ERROR;
				CLANG_WARN_DOCUMENTATION_COMMENTS = YES;
				CLANG_WARN_EMPTY_BODY = YES;
				CLANG_WARN_ENUM_CONVERSION = YES;
				CLANG_WARN_INFINITE_RECURSION = YES;
				CLANG_WARN_INT_CONVERSION = YES;
				CLANG_WARN_NON_LITERAL_NULL_CONVERSION = YES;
				CLANG_WARN_OBJC_IMPLICIT_RETAIN_SELF = YES;
				CLANG_WARN_OBJC_LITERAL_CONVERSION = YES;
				CLANG_WARN_OBJC_ROOT_CLASS = YES_ERROR;
				CLANG_WARN_QUOTED_INCLUDE_IN_FRAMEWORK_HEADER = YES;
				CLANG_WARN_RANGE_LOOP_ANALYSIS = YES;
				CLANG_WARN_STRICT_PROTOTYPES = YES;
				CLANG_WARN_SUSPICIOUS_MOVE = YES;
				CLANG_WARN_UNGUARDED_AVAILABILITY = YES_AGGRESSIVE;
				CLANG_WARN_UNREACHABLE_CODE = YES;
				CLANG_WARN__DUPLICATE_METHOD_MATCH = YES;
				COPY_PHASE_STRIP = NO;
				DEBUG_INFORMATION_FORMAT = dwarf;
				ENABLE_STRICT_OBJC_MSGSEND = YES;
				ENABLE_TESTABILITY = YES;
				GCC_C_LANGUAGE_STANDARD = gnu11;
				GCC_DYNAMIC_NO_PIC = NO;
				GCC_NO_COMMON_BLOCKS = YES;
				GCC_OPTIMIZATION_LEVEL = 0;
				GCC_PREPROCESSOR_DEFINITIONS = (
					"DEBUG=1",
					"$(inherited)",
				);
				GCC_WARN_64_TO_32_BIT_CONVERSION = YES;
				GCC_WARN_ABOUT_RETURN_TYPE = YES_ERROR;
				GCC_WARN_UNDECLARED_SELECTOR = YES;
				GCC_WARN_UNINITIALIZED_AUTOS = YES_AGGRESSIVE;
				GCC_WARN_UNUSED_FUNCTION = YES;
				GCC_WARN_UNUSED_VARIABLE = YES;
				IPHONEOS_DEPLOYMENT_TARGET = 16.2;
				MTL_ENABLE_DEBUG_INFO = INCLUDE_SOURCE;
				MTL_FAST_MATH = YES;
				ONLY_ACTIVE_ARCH = YES;
				SDKROOT = iphoneos;
				SWIFT_ACTIVE_COMPILATION_CONDITIONS = DEBUG;
				SWIFT_OPTIMIZATION_LEVEL = "-Onone";
			};
			name = Debug;
		};
		E52DD9E029A8E7980051EC67 /* Release */ = {
			isa = XCBuildConfiguration;
			buildSettings = {
				ALWAYS_SEARCH_USER_PATHS = NO;
				CLANG_ANALYZER_NONNULL = YES;
				CLANG_ANALYZER_NUMBER_OBJECT_CONVERSION = YES_AGGRESSIVE;
				CLANG_CXX_LANGUAGE_STANDARD = "gnu++20";
				CLANG_ENABLE_MODULES = YES;
				CLANG_ENABLE_OBJC_ARC = YES;
				CLANG_ENABLE_OBJC_WEAK = YES;
				CLANG_WARN_BLOCK_CAPTURE_AUTORELEASING = YES;
				CLANG_WARN_BOOL_CONVERSION = YES;
				CLANG_WARN_COMMA = YES;
				CLANG_WARN_CONSTANT_CONVERSION = YES;
				CLANG_WARN_DEPRECATED_OBJC_IMPLEMENTATIONS = YES;
				CLANG_WARN_DIRECT_OBJC_ISA_USAGE = YES_ERROR;
				CLANG_WARN_DOCUMENTATION_COMMENTS = YES;
				CLANG_WARN_EMPTY_BODY = YES;
				CLANG_WARN_ENUM_CONVERSION = YES;
				CLANG_WARN_INFINITE_RECURSION = YES;
				CLANG_WARN_INT_CONVERSION = YES;
				CLANG_WARN_NON_LITERAL_NULL_CONVERSION = YES;
				CLANG_WARN_OBJC_IMPLICIT_RETAIN_SELF = YES;
				CLANG_WARN_OBJC_LITERAL_CONVERSION = YES;
				CLANG_WARN_OBJC_ROOT_CLASS = YES_ERROR;
				CLANG_WARN_QUOTED_INCLUDE_IN_FRAMEWORK_HEADER = YES;
				CLANG_WARN_RANGE_LOOP_ANALYSIS = YES;
				CLANG_WARN_STRICT_PROTOTYPES = YES;
				CLANG_WARN_SUSPICIOUS_MOVE = YES;
				CLANG_WARN_UNGUARDED_AVAILABILITY = YES_AGGRESSIVE;
				CLANG_WARN_UNREACHABLE_CODE = YES;
				CLANG_WARN__DUPLICATE_METHOD_MATCH = YES;
				COPY_PHASE_STRIP = NO;
				DEBUG_INFORMATION_FORMAT = "dwarf-with-dsym";
				ENABLE_NS_ASSERTIONS = NO;
				ENABLE_STRICT_OBJC_MSGSEND = YES;
				GCC_C_LANGUAGE_STANDARD = gnu11;
				GCC_NO_COMMON_BLOCKS = YES;
				GCC_WARN_64_TO_32_BIT_CONVERSION = YES;
				GCC_WARN_ABOUT_RETURN_TYPE = YES_ERROR;
				GCC_WARN_UNDECLARED_SELECTOR = YES;
				GCC_WARN_UNINITIALIZED_AUTOS = YES_AGGRESSIVE;
				GCC_WARN_UNUSED_FUNCTION = YES;
				GCC_WARN_UNUSED_VARIABLE = YES;
				IPHONEOS_DEPLOYMENT_TARGET = 16.2;
				MTL_ENABLE_DEBUG_INFO = NO;
				MTL_FAST_MATH = YES;
				SDKROOT = iphoneos;
				SWIFT_COMPILATION_MODE = wholemodule;
				SWIFT_OPTIMIZATION_LEVEL = "-O";
				VALIDATE_PRODUCT = YES;
			};
			name = Release;
		};
		E52DD9E229A8E7980051EC67 /* Debug */ = {
			isa = XCBuildConfiguration;
			buildSettings = {
				ASSETCATALOG_COMPILER_APPICON_NAME = AppIcon;
				ASSETCATALOG_COMPILER_GLOBAL_ACCENT_COLOR_NAME = AccentColor;
				CODE_SIGN_STYLE = Automatic;
				CURRENT_PROJECT_VERSION = 1;
				GENERATE_INFOPLIST_FILE = YES;
				INFOPLIST_FILE = HotCoffee/Info.plist;
				INFOPLIST_KEY_UIApplicationSupportsIndirectInputEvents = YES;
				INFOPLIST_KEY_UILaunchStoryboardName = LaunchScreen;
				INFOPLIST_KEY_UIMainStoryboardFile = Main;
				INFOPLIST_KEY_UISupportedInterfaceOrientations_iPad = "UIInterfaceOrientationPortrait UIInterfaceOrientationPortraitUpsideDown UIInterfaceOrientationLandscapeLeft UIInterfaceOrientationLandscapeRight";
				INFOPLIST_KEY_UISupportedInterfaceOrientations_iPhone = "UIInterfaceOrientationPortrait UIInterfaceOrientationLandscapeLeft UIInterfaceOrientationLandscapeRight";
				LD_RUNPATH_SEARCH_PATHS = (
					"$(inherited)",
					"@executable_path/Frameworks",
				);
				MARKETING_VERSION = 1.0;
				PRODUCT_BUNDLE_IDENTIFIER = imrahor.HotCoffee;
				PRODUCT_NAME = "$(TARGET_NAME)";
				SWIFT_EMIT_LOC_STRINGS = YES;
				SWIFT_VERSION = 5.0;
				TARGETED_DEVICE_FAMILY = "1,2";
			};
			name = Debug;
		};
		E52DD9E329A8E7980051EC67 /* Release */ = {
			isa = XCBuildConfiguration;
			buildSettings = {
				ASSETCATALOG_COMPILER_APPICON_NAME = AppIcon;
				ASSETCATALOG_COMPILER_GLOBAL_ACCENT_COLOR_NAME = AccentColor;
				CODE_SIGN_STYLE = Automatic;
				CURRENT_PROJECT_VERSION = 1;
				GENERATE_INFOPLIST_FILE = YES;
				INFOPLIST_FILE = HotCoffee/Info.plist;
				INFOPLIST_KEY_UIApplicationSupportsIndirectInputEvents = YES;
				INFOPLIST_KEY_UILaunchStoryboardName = LaunchScreen;
				INFOPLIST_KEY_UIMainStoryboardFile = Main;
				INFOPLIST_KEY_UISupportedInterfaceOrientations_iPad = "UIInterfaceOrientationPortrait UIInterfaceOrientationPortraitUpsideDown UIInterfaceOrientationLandscapeLeft UIInterfaceOrientationLandscapeRight";
				INFOPLIST_KEY_UISupportedInterfaceOrientations_iPhone = "UIInterfaceOrientationPortrait UIInterfaceOrientationLandscapeLeft UIInterfaceOrientationLandscapeRight";
				LD_RUNPATH_SEARCH_PATHS = (
					"$(inherited)",
					"@executable_path/Frameworks",
				);
				MARKETING_VERSION = 1.0;
				PRODUCT_BUNDLE_IDENTIFIER = imrahor.HotCoffee;
				PRODUCT_NAME = "$(TARGET_NAME)";
				SWIFT_EMIT_LOC_STRINGS = YES;
				SWIFT_VERSION = 5.0;
				TARGETED_DEVICE_FAMILY = "1,2";
			};
			name = Release;
		};
/* End XCBuildConfiguration section */

/* Begin XCConfigurationList section */
		E52DD9C829A8E7960051EC67 /* Build configuration list for PBXProject "HotCoffee" */ = {
			isa = XCConfigurationList;
			buildConfigurations = (
				E52DD9DF29A8E7980051EC67 /* Debug */,
				E52DD9E029A8E7980051EC67 /* Release */,
			);
			defaultConfigurationIsVisible = 0;
			defaultConfigurationName = Release;
		};
		E52DD9E129A8E7980051EC67 /* Build configuration list for PBXNativeTarget "HotCoffee" */ = {
			isa = XCConfigurationList;
			buildConfigurations = (
				E52DD9E229A8E7980051EC67 /* Debug */,
				E52DD9E329A8E7980051EC67 /* Release */,
			);
			defaultConfigurationIsVisible = 0;
			defaultConfigurationName = Release;
		};
/* End XCConfigurationList section */
	};
	rootObject = E52DD9C529A8E7960051EC67 /* Project object */;
}
